<?xml version="1.0" encoding="UTF-8"?>
<Scheme
   version = "1.3">
   <BuildAction>
      <BuildActionEntries>
         <BuildActionEntry
            buildForRunning = "YES">
            <BuildableReference
               BuildableIdentifier = "primary"
               BlueprintIdentifier = "31BF117B25262B0000410E35"
               BuildableName = "SageScreenPrivacy.app"
               BlueprintName = "SageScreenPrivacy"
               ReferencedContainer = "container:SageScreenPrivacy.xcodeproj">
            </BuildableReference>
         </BuildActionEntry>
      </BuildActionEntries>
   </BuildAction>
   <LaunchAction
      useCustomWorkingDirectory = "NO"
      buildConfiguration = "Debug"
      allowLocationSimulation = "YES">
      <BuildableProductRunnable>
         <BuildableReference
            BuildableIdentifier = "primary"
            BlueprintIdentifier = "31BF117B25262B0000410E35"
            BuildableName = "SageScreenPrivacy.app"
            BlueprintName = "SageScreenPrivacy"
            ReferencedContainer = "container:SageScreenPrivacy.xcodeproj">
         </BuildableReference>
      </BuildableProductRunnable>
   </LaunchAction>
</Scheme>
